
Microsoft Visual Studio Solution File, Format Version 12.00
# Visual Studio 15
VisualStudioVersion = 15.0.27004.2005
MinimumVisualStudioVersion = 10.0.40219.1
Project("{FAE04EC0-301F-11D3-BF4B-00C04F79EFBC}") = "TestApp.Android", "TestApp\TestApp.Android\TestApp.Android.csproj", "{6AD82A76-A786-41EE-B270-123AF464FA6A}"
EndProject
Project("{FAE04EC0-301F-11D3-BF4B-00C04F79EFBC}") = "TestApp", "TestApp\TestApp\TestApp.csproj", "{37D7CC24-320F-4FC1-B7E5-0F1BC49A33F1}"
EndProject
Project("{FAE04EC0-301F-11D3-BF4B-00C04F79EFBC}") = "TestApp.UWP", "TestApp\TestApp.UWP\TestApp.UWP.csproj", "{2202B430-38DD-43AB-AC19-C90074F21343}"
EndProject
Project("{FAE04EC0-301F-11D3-BF4B-00C04F79EFBC}") = "TestApp.iOS", "TestApp\TestApp.iOS\TestApp.iOS.csproj", "{D9D37BCC-DD13-4172-A41E-0924686D53CC}"
EndProject
Global
	GlobalSection(SolutionConfigurationPlatforms) = preSolution
		Ad-Hoc|Any CPU = Ad-Hoc|Any CPU
		Ad-Hoc|ARM = Ad-Hoc|ARM
		Ad-Hoc|iPhone = Ad-Hoc|iPhone
		Ad-Hoc|iPhoneSimulator = Ad-Hoc|iPhoneSimulator
		Ad-Hoc|x64 = Ad-Hoc|x64
		Ad-Hoc|x86 = Ad-Hoc|x86
		AppStore|Any CPU = AppStore|Any CPU
		AppStore|ARM = AppStore|ARM
		AppStore|iPhone = AppStore|iPhone
		AppStore|iPhoneSimulator = AppStore|iPhoneSimulator
		AppStore|x64 = AppStore|x64
		AppStore|x86 = AppStore|x86
		Debug|Any CPU = Debug|Any CPU
		Debug|ARM = Debug|ARM
		Debug|iPhone = Debug|iPhone
		Debug|iPhoneSimulator = Debug|iPhoneSimulator
		Debug|x64 = Debug|x64
		Debug|x86 = Debug|x86
		Release|Any CPU = Release|Any CPU
		Release|ARM = Release|ARM
		Release|iPhone = Release|iPhone
		Release|iPhoneSimulator = Release|iPhoneSimulator
		Release|x64 = Release|x64
		Release|x86 = Release|x86
	EndGlobalSection
	GlobalSection(ProjectConfigurationPlatforms) = postSolution
		{6AD82A76-A786-41EE-B270-123AF464FA6A}.Ad-Hoc|Any CPU.ActiveCfg = Release|Any CPU
		{6AD82A76-A786-41EE-B270-123AF464FA6A}.Ad-Hoc|Any CPU.Build.0 = Release|Any CPU
		{6AD82A76-A786-41EE-B270-123AF464FA6A}.Ad-Hoc|Any CPU.Deploy.0 = Release|Any CPU
		{6AD82A76-A786-41EE-B270-123AF464FA6A}.Ad-Hoc|ARM.ActiveCfg = Release|Any CPU
		{6AD82A76-A786-41EE-B270-123AF464FA6A}.Ad-Hoc|ARM.Build.0 = Release|Any CPU
		{6AD82A76-A786-41EE-B270-123AF464FA6A}.Ad-Hoc|ARM.Deploy.0 = Release|Any CPU
		{6AD82A76-A786-41EE-B270-123AF464FA6A}.Ad-Hoc|iPhone.ActiveCfg = Release|Any CPU
		{6AD82A76-A786-41EE-B270-123AF464FA6A}.Ad-Hoc|iPhone.Build.0 = Release|Any CPU
		{6AD82A76-A786-41EE-B270-123AF464FA6A}.Ad-Hoc|iPhone.Deploy.0 = Release|Any CPU
		{6AD82A76-A786-41EE-B270-123AF464FA6A}.Ad-Hoc|iPhoneSimulator.ActiveCfg = Release|Any CPU
		{6AD82A76-A786-41EE-B270-123AF464FA6A}.Ad-Hoc|iPhoneSimulator.Build.0 = Release|Any CPU
		{6AD82A76-A786-41EE-B270-123AF464FA6A}.Ad-Hoc|iPhoneSimulator.Deploy.0 = Release|Any CPU
		{6AD82A76-A786-41EE-B270-123AF464FA6A}.Ad-Hoc|x64.ActiveCfg = Release|Any CPU
		{6AD82A76-A786-41EE-B270-123AF464FA6A}.Ad-Hoc|x64.Build.0 = Release|Any CPU
		{6AD82A76-A786-41EE-B270-123AF464FA6A}.Ad-Hoc|x64.Deploy.0 = Release|Any CPU
		{6AD82A76-A786-41EE-B270-123AF464FA6A}.Ad-Hoc|x86.ActiveCfg = Release|Any CPU
		{6AD82A76-A786-41EE-B270-123AF464FA6A}.Ad-Hoc|x86.Build.0 = Release|Any CPU
		{6AD82A76-A786-41EE-B270-123AF464FA6A}.Ad-Hoc|x86.Deploy.0 = Release|Any CPU
		{6AD82A76-A786-41EE-B270-123AF464FA6A}.AppStore|Any CPU.ActiveCfg = Release|Any CPU
		{6AD82A76-A786-41EE-B270-123AF464FA6A}.AppStore|Any CPU.Build.0 = Release|Any CPU
		{6AD82A76-A786-41EE-B270-123AF464FA6A}.AppStore|Any CPU.Deploy.0 = Release|Any CPU
		{6AD82A76-A786-41EE-B270-123AF464FA6A}.AppStore|ARM.ActiveCfg = Release|Any CPU
		{6AD82A76-A786-41EE-B270-123AF464FA6A}.AppStore|ARM.Build.0 = Release|Any CPU
		{6AD82A76-A786-41EE-B270-123AF464FA6A}.AppStore|ARM.Deploy.0 = Release|Any CPU
		{6AD82A76-A786-41EE-B270-123AF464FA6A}.AppStore|iPhone.ActiveCfg = Release|Any CPU
		{6AD82A76-A786-41EE-B270-123AF464FA6A}.AppStore|iPhone.Build.0 = Release|Any CPU
		{6AD82A76-A786-41EE-B270-123AF464FA6A}.AppStore|iPhone.Deploy.0 = Release|Any CPU
		{6AD82A76-A786-41EE-B270-123AF464FA6A}.AppStore|iPhoneSimulator.ActiveCfg = Release|Any CPU
		{6AD82A76-A786-41EE-B270-123AF464FA6A}.AppStore|iPhoneSimulator.Build.0 = Release|Any CPU
		{6AD82A76-A786-41EE-B270-123AF464FA6A}.AppStore|iPhoneSimulator.Deploy.0 = Release|Any CPU
		{6AD82A76-A786-41EE-B270-123AF464FA6A}.AppStore|x64.ActiveCfg = Release|Any CPU
		{6AD82A76-A786-41EE-B270-123AF464FA6A}.AppStore|x64.Build.0 = Release|Any CPU
		{6AD82A76-A786-41EE-B270-123AF464FA6A}.AppStore|x64.Deploy.0 = Release|Any CPU
		{6AD82A76-A786-41EE-B270-123AF464FA6A}.AppStore|x86.ActiveCfg = Release|Any CPU
		{6AD82A76-A786-41EE-B270-123AF464FA6A}.AppStore|x86.Build.0 = Release|Any CPU
		{6AD82A76-A786-41EE-B270-123AF464FA6A}.AppStore|x86.Deploy.0 = Release|Any CPU
		{6AD82A76-A786-41EE-B270-123AF464FA6A}.Debug|Any CPU.ActiveCfg = Debug|Any CPU
		{6AD82A76-A786-41EE-B270-123AF464FA6A}.Debug|Any CPU.Build.0 = Debug|Any CPU
		{6AD82A76-A786-41EE-B270-123AF464FA6A}.Debug|Any CPU.Deploy.0 = Debug|Any CPU
		{6AD82A76-A786-41EE-B270-123AF464FA6A}.Debug|ARM.ActiveCfg = Debug|Any CPU
		{6AD82A76-A786-41EE-B270-123AF464FA6A}.Debug|ARM.Build.0 = Debug|Any CPU
		{6AD82A76-A786-41EE-B270-123AF464FA6A}.Debug|ARM.Deploy.0 = Debug|Any CPU
		{6AD82A76-A786-41EE-B270-123AF464FA6A}.Debug|iPhone.ActiveCfg = Debug|Any CPU
		{6AD82A76-A786-41EE-B270-123AF464FA6A}.Debug|iPhone.Build.0 = Debug|Any CPU
		{6AD82A76-A786-41EE-B270-123AF464FA6A}.Debug|iPhone.Deploy.0 = Debug|Any CPU
		{6AD82A76-A786-41EE-B270-123AF464FA6A}.Debug|iPhoneSimulator.ActiveCfg = Debug|Any CPU
		{6AD82A76-A786-41EE-B270-123AF464FA6A}.Debug|iPhoneSimulator.Build.0 = Debug|Any CPU
		{6AD82A76-A786-41EE-B270-123AF464FA6A}.Debug|iPhoneSimulator.Deploy.0 = Debug|Any CPU
		{6AD82A76-A786-41EE-B270-123AF464FA6A}.Debug|x64.ActiveCfg = Debug|Any CPU
		{6AD82A76-A786-41EE-B270-123AF464FA6A}.Debug|x64.Build.0 = Debug|Any CPU
		{6AD82A76-A786-41EE-B270-123AF464FA6A}.Debug|x64.Deploy.0 = Debug|Any CPU
		{6AD82A76-A786-41EE-B270-123AF464FA6A}.Debug|x86.ActiveCfg = Debug|Any CPU
		{6AD82A76-A786-41EE-B270-123AF464FA6A}.Debug|x86.Build.0 = Debug|Any CPU
		{6AD82A76-A786-41EE-B270-123AF464FA6A}.Debug|x86.Deploy.0 = Debug|Any CPU
		{6AD82A76-A786-41EE-B270-123AF464FA6A}.Release|Any CPU.ActiveCfg = Release|Any CPU
		{6AD82A76-A786-41EE-B270-123AF464FA6A}.Release|Any CPU.Build.0 = Release|Any CPU
		{6AD82A76-A786-41EE-B270-123AF464FA6A}.Release|Any CPU.Deploy.0 = Release|Any CPU
		{6AD82A76-A786-41EE-B270-123AF464FA6A}.Release|ARM.ActiveCfg = Release|Any CPU
		{6AD82A76-A786-41EE-B270-123AF464FA6A}.Release|ARM.Build.0 = Release|Any CPU
		{6AD82A76-A786-41EE-B270-123AF464FA6A}.Release|ARM.Deploy.0 = Release|Any CPU
		{6AD82A76-A786-41EE-B270-123AF464FA6A}.Release|iPhone.ActiveCfg = Release|Any CPU
		{6AD82A76-A786-41EE-B270-123AF464FA6A}.Release|iPhone.Build.0 = Release|Any CPU
		{6AD82A76-A786-41EE-B270-123AF464FA6A}.Release|iPhone.Deploy.0 = Release|Any CPU
		{6AD82A76-A786-41EE-B270-123AF464FA6A}.Release|iPhoneSimulator.ActiveCfg = Release|Any CPU
		{6AD82A76-A786-41EE-B270-123AF464FA6A}.Release|iPhoneSimulator.Build.0 = Release|Any CPU
		{6AD82A76-A786-41EE-B270-123AF464FA6A}.Release|iPhoneSimulator.Deploy.0 = Release|Any CPU
		{6AD82A76-A786-41EE-B270-123AF464FA6A}.Release|x64.ActiveCfg = Release|Any CPU
		{6AD82A76-A786-41EE-B270-123AF464FA6A}.Release|x64.Build.0 = Release|Any CPU
		{6AD82A76-A786-41EE-B270-123AF464FA6A}.Release|x64.Deploy.0 = Release|Any CPU
		{6AD82A76-A786-41EE-B270-123AF464FA6A}.Release|x86.ActiveCfg = Release|Any CPU
		{6AD82A76-A786-41EE-B270-123AF464FA6A}.Release|x86.Build.0 = Release|Any CPU
		{6AD82A76-A786-41EE-B270-123AF464FA6A}.Release|x86.Deploy.0 = Release|Any CPU
		{37D7CC24-320F-4FC1-B7E5-0F1BC49A33F1}.Ad-Hoc|Any CPU.ActiveCfg = Release|Any CPU
		{37D7CC24-320F-4FC1-B7E5-0F1BC49A33F1}.Ad-Hoc|Any CPU.Build.0 = Release|Any CPU
		{37D7CC24-320F-4FC1-B7E5-0F1BC49A33F1}.Ad-Hoc|ARM.ActiveCfg = Release|Any CPU
		{37D7CC24-320F-4FC1-B7E5-0F1BC49A33F1}.Ad-Hoc|ARM.Build.0 = Release|Any CPU
		{37D7CC24-320F-4FC1-B7E5-0F1BC49A33F1}.Ad-Hoc|iPhone.ActiveCfg = Release|Any CPU
		{37D7CC24-320F-4FC1-B7E5-0F1BC49A33F1}.Ad-Hoc|iPhone.Build.0 = Release|Any CPU
		{37D7CC24-320F-4FC1-B7E5-0F1BC49A33F1}.Ad-Hoc|iPhoneSimulator.ActiveCfg = Release|Any CPU
		{37D7CC24-320F-4FC1-B7E5-0F1BC49A33F1}.Ad-Hoc|iPhoneSimulator.Build.0 = Release|Any CPU
		{37D7CC24-320F-4FC1-B7E5-0F1BC49A33F1}.Ad-Hoc|x64.ActiveCfg = Release|Any CPU
		{37D7CC24-320F-4FC1-B7E5-0F1BC49A33F1}.Ad-Hoc|x64.Build.0 = Release|Any CPU
		{37D7CC24-320F-4FC1-B7E5-0F1BC49A33F1}.Ad-Hoc|x86.ActiveCfg = Release|Any CPU
		{37D7CC24-320F-4FC1-B7E5-0F1BC49A33F1}.Ad-Hoc|x86.Build.0 = Release|Any CPU
		{37D7CC24-320F-4FC1-B7E5-0F1BC49A33F1}.AppStore|Any CPU.ActiveCfg = Release|Any CPU
		{37D7CC24-320F-4FC1-B7E5-0F1BC49A33F1}.AppStore|Any CPU.Build.0 = Release|Any CPU
		{37D7CC24-320F-4FC1-B7E5-0F1BC49A33F1}.AppStore|ARM.ActiveCfg = Release|Any CPU
		{37D7CC24-320F-4FC1-B7E5-0F1BC49A33F1}.AppStore|ARM.Build.0 = Release|Any CPU
		{37D7CC24-320F-4FC1-B7E5-0F1BC49A33F1}.AppStore|iPhone.ActiveCfg = Release|Any CPU
		{37D7CC24-320F-4FC1-B7E5-0F1BC49A33F1}.AppStore|iPhone.Build.0 = Release|Any CPU
		{37D7CC24-320F-4FC1-B7E5-0F1BC49A33F1}.AppStore|iPhoneSimulator.ActiveCfg = Release|Any CPU
		{37D7CC24-320F-4FC1-B7E5-0F1BC49A33F1}.AppStore|iPhoneSimulator.Build.0 = Release|Any CPU
		{37D7CC24-320F-4FC1-B7E5-0F1BC49A33F1}.AppStore|x64.ActiveCfg = Release|Any CPU
		{37D7CC24-320F-4FC1-B7E5-0F1BC49A33F1}.AppStore|x64.Build.0 = Release|Any CPU
		{37D7CC24-320F-4FC1-B7E5-0F1BC49A33F1}.AppStore|x86.ActiveCfg = Release|Any CPU
		{37D7CC24-320F-4FC1-B7E5-0F1BC49A33F1}.AppStore|x86.Build.0 = Release|Any CPU
		{37D7CC24-320F-4FC1-B7E5-0F1BC49A33F1}.Debug|Any CPU.ActiveCfg = Debug|Any CPU
		{37D7CC24-320F-4FC1-B7E5-0F1BC49A33F1}.Debug|Any CPU.Build.0 = Debug|Any CPU
		{37D7CC24-320F-4FC1-B7E5-0F1BC49A33F1}.Debug|ARM.ActiveCfg = Debug|Any CPU
		{37D7CC24-320F-4FC1-B7E5-0F1BC49A33F1}.Debug|ARM.Build.0 = Debug|Any CPU
		{37D7CC24-320F-4FC1-B7E5-0F1BC49A33F1}.Debug|iPhone.ActiveCfg = Debug|Any CPU
		{37D7CC24-320F-4FC1-B7E5-0F1BC49A33F1}.Debug|iPhone.Build.0 = Debug|Any CPU
		{37D7CC24-320F-4FC1-B7E5-0F1BC49A33F1}.Debug|iPhoneSimulator.ActiveCfg = Debug|Any CPU
		{37D7CC24-320F-4FC1-B7E5-0F1BC49A33F1}.Debug|iPhoneSimulator.Build.0 = Debug|Any CPU
		{37D7CC24-320F-4FC1-B7E5-0F1BC49A33F1}.Debug|x64.ActiveCfg = Debug|Any CPU
		{37D7CC24-320F-4FC1-B7E5-0F1BC49A33F1}.Debug|x64.Build.0 = Debug|Any CPU
		{37D7CC24-320F-4FC1-B7E5-0F1BC49A33F1}.Debug|x86.ActiveCfg = Debug|Any CPU
		{37D7CC24-320F-4FC1-B7E5-0F1BC49A33F1}.Debug|x86.Build.0 = Debug|Any CPU
		{37D7CC24-320F-4FC1-B7E5-0F1BC49A33F1}.Release|Any CPU.ActiveCfg = Release|Any CPU
		{37D7CC24-320F-4FC1-B7E5-0F1BC49A33F1}.Release|Any CPU.Build.0 = Release|Any CPU
		{37D7CC24-320F-4FC1-B7E5-0F1BC49A33F1}.Release|ARM.ActiveCfg = Release|Any CPU
		{37D7CC24-320F-4FC1-B7E5-0F1BC49A33F1}.Release|ARM.Build.0 = Release|Any CPU
		{37D7CC24-320F-4FC1-B7E5-0F1BC49A33F1}.Release|iPhone.ActiveCfg = Release|Any CPU
		{37D7CC24-320F-4FC1-B7E5-0F1BC49A33F1}.Release|iPhone.Build.0 = Release|Any CPU
		{37D7CC24-320F-4FC1-B7E5-0F1BC49A33F1}.Release|iPhoneSimulator.ActiveCfg = Release|Any CPU
		{37D7CC24-320F-4FC1-B7E5-0F1BC49A33F1}.Release|iPhoneSimulator.Build.0 = Release|Any CPU
		{37D7CC24-320F-4FC1-B7E5-0F1BC49A33F1}.Release|x64.ActiveCfg = Release|Any CPU
		{37D7CC24-320F-4FC1-B7E5-0F1BC49A33F1}.Release|x64.Build.0 = Release|Any CPU
		{37D7CC24-320F-4FC1-B7E5-0F1BC49A33F1}.Release|x86.ActiveCfg = Release|Any CPU
		{37D7CC24-320F-4FC1-B7E5-0F1BC49A33F1}.Release|x86.Build.0 = Release|Any CPU
		{2202B430-38DD-43AB-AC19-C90074F21343}.Ad-Hoc|Any CPU.ActiveCfg = Release|x86
		{2202B430-38DD-43AB-AC19-C90074F21343}.Ad-Hoc|Any CPU.Build.0 = Release|x86
		{2202B430-38DD-43AB-AC19-C90074F21343}.Ad-Hoc|Any CPU.Deploy.0 = Release|x86
		{2202B430-38DD-43AB-AC19-C90074F21343}.Ad-Hoc|ARM.ActiveCfg = Release|ARM
		{2202B430-38DD-43AB-AC19-C90074F21343}.Ad-Hoc|ARM.Build.0 = Release|ARM
		{2202B430-38DD-43AB-AC19-C90074F21343}.Ad-Hoc|ARM.Deploy.0 = Release|ARM
		{2202B430-38DD-43AB-AC19-C90074F21343}.Ad-Hoc|iPhone.ActiveCfg = Release|x86
		{2202B430-38DD-43AB-AC19-C90074F21343}.Ad-Hoc|iPhone.Build.0 = Release|x86
		{2202B430-38DD-43AB-AC19-C90074F21343}.Ad-Hoc|iPhone.Deploy.0 = Release|x86
		{2202B430-38DD-43AB-AC19-C90074F21343}.Ad-Hoc|iPhoneSimulator.ActiveCfg = Release|x86
		{2202B430-38DD-43AB-AC19-C90074F21343}.Ad-Hoc|iPhoneSimulator.Build.0 = Release|x86
		{2202B430-38DD-43AB-AC19-C90074F21343}.Ad-Hoc|iPhoneSimulator.Deploy.0 = Release|x86
		{2202B430-38DD-43AB-AC19-C90074F21343}.Ad-Hoc|x64.ActiveCfg = Release|x64
		{2202B430-38DD-43AB-AC19-C90074F21343}.Ad-Hoc|x64.Build.0 = Release|x64
		{2202B430-38DD-43AB-AC19-C90074F21343}.Ad-Hoc|x64.Deploy.0 = Release|x64
		{2202B430-38DD-43AB-AC19-C90074F21343}.Ad-Hoc|x86.ActiveCfg = Release|x86
		{2202B430-38DD-43AB-AC19-C90074F21343}.Ad-Hoc|x86.Build.0 = Release|x86
		{2202B430-38DD-43AB-AC19-C90074F21343}.Ad-Hoc|x86.Deploy.0 = Release|x86
		{2202B430-38DD-43AB-AC19-C90074F21343}.AppStore|Any CPU.ActiveCfg = Release|x86
		{2202B430-38DD-43AB-AC19-C90074F21343}.AppStore|Any CPU.Build.0 = Release|x86
		{2202B430-38DD-43AB-AC19-C90074F21343}.AppStore|Any CPU.Deploy.0 = Release|x86
		{2202B430-38DD-43AB-AC19-C90074F21343}.AppStore|ARM.ActiveCfg = Release|ARM
		{2202B430-38DD-43AB-AC19-C90074F21343}.AppStore|ARM.Build.0 = Release|ARM
		{2202B430-38DD-43AB-AC19-C90074F21343}.AppStore|ARM.Deploy.0 = Release|ARM
		{2202B430-38DD-43AB-AC19-C90074F21343}.AppStore|iPhone.ActiveCfg = Release|x86
		{2202B430-38DD-43AB-AC19-C90074F21343}.AppStore|iPhone.Build.0 = Release|x86
		{2202B430-38DD-43AB-AC19-C90074F21343}.AppStore|iPhone.Deploy.0 = Release|x86
		{2202B430-38DD-43AB-AC19-C90074F21343}.AppStore|iPhoneSimulator.ActiveCfg = Release|x86
		{2202B430-38DD-43AB-AC19-C90074F21343}.AppStore|iPhoneSimulator.Build.0 = Release|x86
		{2202B430-38DD-43AB-AC19-C90074F21343}.AppStore|iPhoneSimulator.Deploy.0 = Release|x86
		{2202B430-38DD-43AB-AC19-C90074F21343}.AppStore|x64.ActiveCfg = Release|x64
		{2202B430-38DD-43AB-AC19-C90074F21343}.AppStore|x64.Build.0 = Release|x64
		{2202B430-38DD-43AB-AC19-C90074F21343}.AppStore|x64.Deploy.0 = Release|x64
		{2202B430-38DD-43AB-AC19-C90074F21343}.AppStore|x86.ActiveCfg = Release|x86
		{2202B430-38DD-43AB-AC19-C90074F21343}.AppStore|x86.Build.0 = Release|x86
		{2202B430-38DD-43AB-AC19-C90074F21343}.AppStore|x86.Deploy.0 = Release|x86
		{2202B430-38DD-43AB-AC19-C90074F21343}.Debug|Any CPU.ActiveCfg = Debug|x86
		{2202B430-38DD-43AB-AC19-C90074F21343}.Debug|ARM.ActiveCfg = Debug|ARM
		{2202B430-38DD-43AB-AC19-C90074F21343}.Debug|ARM.Build.0 = Debug|ARM
		{2202B430-38DD-43AB-AC19-C90074F21343}.Debug|ARM.Deploy.0 = Debug|ARM
		{2202B430-38DD-43AB-AC19-C90074F21343}.Debug|iPhone.ActiveCfg = Debug|x86
		{2202B430-38DD-43AB-AC19-C90074F21343}.Debug|iPhoneSimulator.ActiveCfg = Debug|x86
		{2202B430-38DD-43AB-AC19-C90074F21343}.Debug|x64.ActiveCfg = Debug|x64
		{2202B430-38DD-43AB-AC19-C90074F21343}.Debug|x64.Build.0 = Debug|x64
		{2202B430-38DD-43AB-AC19-C90074F21343}.Debug|x64.Deploy.0 = Debug|x64
		{2202B430-38DD-43AB-AC19-C90074F21343}.Debug|x86.ActiveCfg = Debug|x86
		{2202B430-38DD-43AB-AC19-C90074F21343}.Debug|x86.Build.0 = Debug|x86
		{2202B430-38DD-43AB-AC19-C90074F21343}.Debug|x86.Deploy.0 = Debug|x86
		{2202B430-38DD-43AB-AC19-C90074F21343}.Release|Any CPU.ActiveCfg = Release|x86
		{2202B430-38DD-43AB-AC19-C90074F21343}.Release|ARM.ActiveCfg = Release|ARM
		{2202B430-38DD-43AB-AC19-C90074F21343}.Release|ARM.Build.0 = Release|ARM
		{2202B430-38DD-43AB-AC19-C90074F21343}.Release|ARM.Deploy.0 = Release|ARM
		{2202B430-38DD-43AB-AC19-C90074F21343}.Release|iPhone.ActiveCfg = Release|x86
		{2202B430-38DD-43AB-AC19-C90074F21343}.Release|iPhoneSimulator.ActiveCfg = Release|x86
		{2202B430-38DD-43AB-AC19-C90074F21343}.Release|x64.ActiveCfg = Release|x64
		{2202B430-38DD-43AB-AC19-C90074F21343}.Release|x64.Build.0 = Release|x64
		{2202B430-38DD-43AB-AC19-C90074F21343}.Release|x64.Deploy.0 = Release|x64
		{2202B430-38DD-43AB-AC19-C90074F21343}.Release|x86.ActiveCfg = Release|x86
		{2202B430-38DD-43AB-AC19-C90074F21343}.Release|x86.Build.0 = Release|x86
		{2202B430-38DD-43AB-AC19-C90074F21343}.Release|x86.Deploy.0 = Release|x86
		{D9D37BCC-DD13-4172-A41E-0924686D53CC}.Ad-Hoc|Any CPU.ActiveCfg = Ad-Hoc|iPhoneSimulator
		{D9D37BCC-DD13-4172-A41E-0924686D53CC}.Ad-Hoc|ARM.ActiveCfg = Ad-Hoc|iPhone
		{D9D37BCC-DD13-4172-A41E-0924686D53CC}.Ad-Hoc|iPhone.ActiveCfg = Ad-Hoc|iPhone
		{D9D37BCC-DD13-4172-A41E-0924686D53CC}.Ad-Hoc|iPhone.Build.0 = Ad-Hoc|iPhone
		{D9D37BCC-DD13-4172-A41E-0924686D53CC}.Ad-Hoc|iPhoneSimulator.ActiveCfg = Ad-Hoc|iPhoneSimulator
		{D9D37BCC-DD13-4172-A41E-0924686D53CC}.Ad-Hoc|iPhoneSimulator.Build.0 = Ad-Hoc|iPhoneSimulator
		{D9D37BCC-DD13-4172-A41E-0924686D53CC}.Ad-Hoc|x64.ActiveCfg = Ad-Hoc|iPhone
		{D9D37BCC-DD13-4172-A41E-0924686D53CC}.Ad-Hoc|x86.ActiveCfg = Ad-Hoc|iPhone
		{D9D37BCC-DD13-4172-A41E-0924686D53CC}.AppStore|Any CPU.ActiveCfg = AppStore|iPhoneSimulator
		{D9D37BCC-DD13-4172-A41E-0924686D53CC}.AppStore|ARM.ActiveCfg = AppStore|iPhone
		{D9D37BCC-DD13-4172-A41E-0924686D53CC}.AppStore|iPhone.ActiveCfg = AppStore|iPhone
		{D9D37BCC-DD13-4172-A41E-0924686D53CC}.AppStore|iPhone.Build.0 = AppStore|iPhone
		{D9D37BCC-DD13-4172-A41E-0924686D53CC}.AppStore|iPhoneSimulator.ActiveCfg = AppStore|iPhoneSimulator
		{D9D37BCC-DD13-4172-A41E-0924686D53CC}.AppStore|iPhoneSimulator.Build.0 = AppStore|iPhoneSimulator
		{D9D37BCC-DD13-4172-A41E-0924686D53CC}.AppStore|x64.ActiveCfg = AppStore|iPhone
		{D9D37BCC-DD13-4172-A41E-0924686D53CC}.AppStore|x86.ActiveCfg = AppStore|iPhone
		{D9D37BCC-DD13-4172-A41E-0924686D53CC}.Debug|Any CPU.ActiveCfg = Debug|iPhoneSimulator
		{D9D37BCC-DD13-4172-A41E-0924686D53CC}.Debug|ARM.ActiveCfg = Debug|iPhone
		{D9D37BCC-DD13-4172-A41E-0924686D53CC}.Debug|iPhone.ActiveCfg = Debug|iPhone
		{D9D37BCC-DD13-4172-A41E-0924686D53CC}.Debug|iPhone.Build.0 = Debug|iPhone
		{D9D37BCC-DD13-4172-A41E-0924686D53CC}.Debug|iPhoneSimulator.ActiveCfg = Debug|iPhoneSimulator
		{D9D37BCC-DD13-4172-A41E-0924686D53CC}.Debug|iPhoneSimulator.Build.0 = Debug|iPhoneSimulator
		{D9D37BCC-DD13-4172-A41E-0924686D53CC}.Debug|x64.ActiveCfg = Debug|iPhone
		{D9D37BCC-DD13-4172-A41E-0924686D53CC}.Debug|x86.ActiveCfg = Debug|iPhone
		{D9D37BCC-DD13-4172-A41E-0924686D53CC}.Release|Any CPU.ActiveCfg = Release|iPhoneSimulator
		{D9D37BCC-DD13-4172-A41E-0924686D53CC}.Release|ARM.ActiveCfg = Release|iPhone
		{D9D37BCC-DD13-4172-A41E-0924686D53CC}.Release|iPhone.ActiveCfg = Release|iPhone
		{D9D37BCC-DD13-4172-A41E-0924686D53CC}.Release|iPhone.Build.0 = Release|iPhone
		{D9D37BCC-DD13-4172-A41E-0924686D53CC}.Release|iPhoneSimulator.ActiveCfg = Release|iPhoneSimulator
		{D9D37BCC-DD13-4172-A41E-0924686D53CC}.Release|iPhoneSimulator.Build.0 = Release|iPhoneSimulator
		{D9D37BCC-DD13-4172-A41E-0924686D53CC}.Release|x64.ActiveCfg = Release|iPhone
		{D9D37BCC-DD13-4172-A41E-0924686D53CC}.Release|x86.ActiveCfg = Release|iPhone
	EndGlobalSection
	GlobalSection(SolutionProperties) = preSolution
		HideSolutionNode = FALSE
	EndGlobalSection
	GlobalSection(ExtensibilityGlobals) = postSolution
		SolutionGuid = {E3519B67-A435-4B19-B5CA-21491989602E}
	EndGlobalSection
EndGlobal
